
Microsoft Visual Studio Solution File, Format Version 12.00
# Visual Studio 15
VisualStudioVersion = 15.0.28307.489
MinimumVisualStudioVersion = 10.0.40219.1
Project("{FAE04EC0-301F-11D3-BF4B-00C04F79EFBC}") = "SlotGameTest.cs", "SlotGame\SlotGameTest.cs.csproj", "{CA20241D-6C8A-40F4-9266-9929716250BF}"
EndProject
Global
	GlobalSection(SolutionConfigurationPlatforms) = preSolution
		Debug|Any CPU = Debug|Any CPU
		Release|Any CPU = Release|Any CPU
	EndGlobalSection
	GlobalSection(ProjectConfigurationPlatforms) = postSolution
		{CA20241D-6C8A-40F4-9266-9929716250BF}.Debug|Any CPU.ActiveCfg = Debug|Any CPU
		{CA20241D-6C8A-40F4-9266-9929716250BF}.Debug|Any CPU.Build.0 = Debug|Any CPU
		{CA20241D-6C8A-40F4-9266-9929716250BF}.Release|Any CPU.ActiveCfg = Release|Any CPU
		{CA20241D-6C8A-40F4-9266-9929716250BF}.Release|Any CPU.Build.0 = Release|Any CPU
	EndGlobalSection
	GlobalSection(SolutionProperties) = preSolution
		HideSolutionNode = FALSE
	EndGlobalSection
	GlobalSection(ExtensibilityGlobals) = postSolution
		SolutionGuid = {2749FD0B-EC75-4648-9D76-8EC6ED0E118A}
	EndGlobalSection
EndGlobal
